
Microsoft Visual Studio Solution File, Format Version 12.00
# Visual Studio Version 16
VisualStudioVersion = 16.0.29009.5
MinimumVisualStudioVersion = 10.0.40219.1
Project("{FAE04EC0-301F-11D3-BF4B-00C04F79EFBC}") = "RestaurantApp.UWP", "RestaurantApp\RestaurantApp.UWP\RestaurantApp.UWP.csproj", "{9E2D7DB6-2DF5-443D-A811-34F02F54923B}"
EndProject
Project("{FAE04EC0-301F-11D3-BF4B-00C04F79EFBC}") = "RestaurantApp.Android", "RestaurantApp\RestaurantApp.Android\RestaurantApp.Android.csproj", "{4B93655C-EDE9-42BE-B5B4-26F274B0BF67}"
EndProject
Project("{FAE04EC0-301F-11D3-BF4B-00C04F79EFBC}") = "RestaurantApp.iOS", "RestaurantApp\RestaurantApp.iOS\RestaurantApp.iOS.csproj", "{E9685557-1A5B-4EF5-9033-815073AB358A}"
EndProject
Project("{9A19103F-16F7-4668-BE54-9A1E7A4F7556}") = "RestaurantApp.Service", "RestaurantApp\RestaurantApp.Service\RestaurantApp.Service.csproj", "{62E2447E-B638-4250-B35E-AFE24D9866FD}"
EndProject
Project("{9A19103F-16F7-4668-BE54-9A1E7A4F7556}") = "RestaurantApp", "RestaurantApp\RestaurantApp\RestaurantApp.csproj", "{091B5074-699E-44FE-94D3-314DE8FD9EDC}"
EndProject
Global
	GlobalSection(SolutionConfigurationPlatforms) = preSolution
		Debug|Any CPU = Debug|Any CPU
		Debug|ARM = Debug|ARM
		Debug|iPhone = Debug|iPhone
		Debug|iPhoneSimulator = Debug|iPhoneSimulator
		Debug|x64 = Debug|x64
		Debug|x86 = Debug|x86
		Release|Any CPU = Release|Any CPU
		Release|ARM = Release|ARM
		Release|iPhone = Release|iPhone
		Release|iPhoneSimulator = Release|iPhoneSimulator
		Release|x64 = Release|x64
		Release|x86 = Release|x86
	EndGlobalSection
	GlobalSection(ProjectConfigurationPlatforms) = postSolution
		{9E2D7DB6-2DF5-443D-A811-34F02F54923B}.Debug|Any CPU.ActiveCfg = Debug|x86
		{9E2D7DB6-2DF5-443D-A811-34F02F54923B}.Debug|Any CPU.Build.0 = Debug|x86
		{9E2D7DB6-2DF5-443D-A811-34F02F54923B}.Debug|Any CPU.Deploy.0 = Debug|x86
		{9E2D7DB6-2DF5-443D-A811-34F02F54923B}.Debug|ARM.ActiveCfg = Debug|ARM
		{9E2D7DB6-2DF5-443D-A811-34F02F54923B}.Debug|ARM.Build.0 = Debug|ARM
		{9E2D7DB6-2DF5-443D-A811-34F02F54923B}.Debug|ARM.Deploy.0 = Debug|ARM
		{9E2D7DB6-2DF5-443D-A811-34F02F54923B}.Debug|iPhone.ActiveCfg = Debug|x86
		{9E2D7DB6-2DF5-443D-A811-34F02F54923B}.Debug|iPhone.Build.0 = Debug|x86
		{9E2D7DB6-2DF5-443D-A811-34F02F54923B}.Debug|iPhone.Deploy.0 = Debug|x86
		{9E2D7DB6-2DF5-443D-A811-34F02F54923B}.Debug|iPhoneSimulator.ActiveCfg = Debug|x86
		{9E2D7DB6-2DF5-443D-A811-34F02F54923B}.Debug|iPhoneSimulator.Build.0 = Debug|x86
		{9E2D7DB6-2DF5-443D-A811-34F02F54923B}.Debug|iPhoneSimulator.Deploy.0 = Debug|x86
		{9E2D7DB6-2DF5-443D-A811-34F02F54923B}.Debug|x64.ActiveCfg = Debug|x64
		{9E2D7DB6-2DF5-443D-A811-34F02F54923B}.Debug|x64.Build.0 = Debug|x64
		{9E2D7DB6-2DF5-443D-A811-34F02F54923B}.Debug|x64.Deploy.0 = Debug|x64
		{9E2D7DB6-2DF5-443D-A811-34F02F54923B}.Debug|x86.ActiveCfg = Debug|x86
		{9E2D7DB6-2DF5-443D-A811-34F02F54923B}.Debug|x86.Build.0 = Debug|x86
		{9E2D7DB6-2DF5-443D-A811-34F02F54923B}.Debug|x86.Deploy.0 = Debug|x86
		{9E2D7DB6-2DF5-443D-A811-34F02F54923B}.Release|Any CPU.ActiveCfg = Release|x86
		{9E2D7DB6-2DF5-443D-A811-34F02F54923B}.Release|Any CPU.Build.0 = Release|x86
		{9E2D7DB6-2DF5-443D-A811-34F02F54923B}.Release|Any CPU.Deploy.0 = Release|x86
		{9E2D7DB6-2DF5-443D-A811-34F02F54923B}.Release|ARM.ActiveCfg = Release|ARM
		{9E2D7DB6-2DF5-443D-A811-34F02F54923B}.Release|ARM.Build.0 = Release|ARM
		{9E2D7DB6-2DF5-443D-A811-34F02F54923B}.Release|ARM.Deploy.0 = Release|ARM
		{9E2D7DB6-2DF5-443D-A811-34F02F54923B}.Release|iPhone.ActiveCfg = Release|x86
		{9E2D7DB6-2DF5-443D-A811-34F02F54923B}.Release|iPhone.Build.0 = Release|x86
		{9E2D7DB6-2DF5-443D-A811-34F02F54923B}.Release|iPhone.Deploy.0 = Release|x86
		{9E2D7DB6-2DF5-443D-A811-34F02F54923B}.Release|iPhoneSimulator.ActiveCfg = Release|x86
		{9E2D7DB6-2DF5-443D-A811-34F02F54923B}.Release|iPhoneSimulator.Build.0 = Release|x86
		{9E2D7DB6-2DF5-443D-A811-34F02F54923B}.Release|iPhoneSimulator.Deploy.0 = Release|x86
		{9E2D7DB6-2DF5-443D-A811-34F02F54923B}.Release|x64.ActiveCfg = Release|x64
		{9E2D7DB6-2DF5-443D-A811-34F02F54923B}.Release|x64.Build.0 = Release|x64
		{9E2D7DB6-2DF5-443D-A811-34F02F54923B}.Release|x64.Deploy.0 = Release|x64
		{9E2D7DB6-2DF5-443D-A811-34F02F54923B}.Release|x86.ActiveCfg = Release|x86
		{9E2D7DB6-2DF5-443D-A811-34F02F54923B}.Release|x86.Build.0 = Release|x86
		{9E2D7DB6-2DF5-443D-A811-34F02F54923B}.Release|x86.Deploy.0 = Release|x86
		{4B93655C-EDE9-42BE-B5B4-26F274B0BF67}.Debug|Any CPU.ActiveCfg = Debug|Any CPU
		{4B93655C-EDE9-42BE-B5B4-26F274B0BF67}.Debug|Any CPU.Build.0 = Debug|Any CPU
		{4B93655C-EDE9-42BE-B5B4-26F274B0BF67}.Debug|Any CPU.Deploy.0 = Debug|Any CPU
		{4B93655C-EDE9-42BE-B5B4-26F274B0BF67}.Debug|ARM.ActiveCfg = Debug|Any CPU
		{4B93655C-EDE9-42BE-B5B4-26F274B0BF67}.Debug|ARM.Build.0 = Debug|Any CPU
		{4B93655C-EDE9-42BE-B5B4-26F274B0BF67}.Debug|ARM.Deploy.0 = Debug|Any CPU
		{4B93655C-EDE9-42BE-B5B4-26F274B0BF67}.Debug|iPhone.ActiveCfg = Debug|Any CPU
		{4B93655C-EDE9-42BE-B5B4-26F274B0BF67}.Debug|iPhone.Build.0 = Debug|Any CPU
		{4B93655C-EDE9-42BE-B5B4-26F274B0BF67}.Debug|iPhone.Deploy.0 = Debug|Any CPU
		{4B93655C-EDE9-42BE-B5B4-26F274B0BF67}.Debug|iPhoneSimulator.ActiveCfg = Debug|Any CPU
		{4B93655C-EDE9-42BE-B5B4-26F274B0BF67}.Debug|iPhoneSimulator.Build.0 = Debug|Any CPU
		{4B93655C-EDE9-42BE-B5B4-26F274B0BF67}.Debug|iPhoneSimulator.Deploy.0 = Debug|Any CPU
		{4B93655C-EDE9-42BE-B5B4-26F274B0BF67}.Debug|x64.ActiveCfg = Debug|Any CPU
		{4B93655C-EDE9-42BE-B5B4-26F274B0BF67}.Debug|x64.Build.0 = Debug|Any CPU
		{4B93655C-EDE9-42BE-B5B4-26F274B0BF67}.Debug|x64.Deploy.0 = Debug|Any CPU
		{4B93655C-EDE9-42BE-B5B4-26F274B0BF67}.Debug|x86.ActiveCfg = Debug|Any CPU
		{4B93655C-EDE9-42BE-B5B4-26F274B0BF67}.Debug|x86.Build.0 = Debug|Any CPU
		{4B93655C-EDE9-42BE-B5B4-26F274B0BF67}.Debug|x86.Deploy.0 = Debug|Any CPU
		{4B93655C-EDE9-42BE-B5B4-26F274B0BF67}.Release|Any CPU.ActiveCfg = Release|Any CPU
		{4B93655C-EDE9-42BE-B5B4-26F274B0BF67}.Release|Any CPU.Build.0 = Release|Any CPU
		{4B93655C-EDE9-42BE-B5B4-26F274B0BF67}.Release|Any CPU.Deploy.0 = Release|Any CPU
		{4B93655C-EDE9-42BE-B5B4-26F274B0BF67}.Release|ARM.ActiveCfg = Release|Any CPU
		{4B93655C-EDE9-42BE-B5B4-26F274B0BF67}.Release|ARM.Build.0 = Release|Any CPU
		{4B93655C-EDE9-42BE-B5B4-26F274B0BF67}.Release|ARM.Deploy.0 = Release|Any CPU
		{4B93655C-EDE9-42BE-B5B4-26F274B0BF67}.Release|iPhone.ActiveCfg = Release|Any CPU
		{4B93655C-EDE9-42BE-B5B4-26F274B0BF67}.Release|iPhone.Build.0 = Release|Any CPU
		{4B93655C-EDE9-42BE-B5B4-26F274B0BF67}.Release|iPhone.Deploy.0 = Release|Any CPU
		{4B93655C-EDE9-42BE-B5B4-26F274B0BF67}.Release|iPhoneSimulator.ActiveCfg = Release|Any CPU
		{4B93655C-EDE9-42BE-B5B4-26F274B0BF67}.Release|iPhoneSimulator.Build.0 = Release|Any CPU
		{4B93655C-EDE9-42BE-B5B4-26F274B0BF67}.Release|iPhoneSimulator.Deploy.0 = Release|Any CPU
		{4B93655C-EDE9-42BE-B5B4-26F274B0BF67}.Release|x64.ActiveCfg = Release|Any CPU
		{4B93655C-EDE9-42BE-B5B4-26F274B0BF67}.Release|x64.Build.0 = Release|Any CPU
		{4B93655C-EDE9-42BE-B5B4-26F274B0BF67}.Release|x64.Deploy.0 = Release|Any CPU
		{4B93655C-EDE9-42BE-B5B4-26F274B0BF67}.Release|x86.ActiveCfg = Release|Any CPU
		{4B93655C-EDE9-42BE-B5B4-26F274B0BF67}.Release|x86.Build.0 = Release|Any CPU
		{4B93655C-EDE9-42BE-B5B4-26F274B0BF67}.Release|x86.Deploy.0 = Release|Any CPU
		{E9685557-1A5B-4EF5-9033-815073AB358A}.Debug|Any CPU.ActiveCfg = Debug|iPhone
		{E9685557-1A5B-4EF5-9033-815073AB358A}.Debug|Any CPU.Build.0 = Debug|iPhone
		{E9685557-1A5B-4EF5-9033-815073AB358A}.Debug|Any CPU.Deploy.0 = Debug|iPhone
		{E9685557-1A5B-4EF5-9033-815073AB358A}.Debug|ARM.ActiveCfg = Debug|iPhoneSimulator
		{E9685557-1A5B-4EF5-9033-815073AB358A}.Debug|ARM.Build.0 = Debug|iPhoneSimulator
		{E9685557-1A5B-4EF5-9033-815073AB358A}.Debug|ARM.Deploy.0 = Debug|iPhoneSimulator
		{E9685557-1A5B-4EF5-9033-815073AB358A}.Debug|iPhone.ActiveCfg = Debug|iPhone
		{E9685557-1A5B-4EF5-9033-815073AB358A}.Debug|iPhone.Build.0 = Debug|iPhone
		{E9685557-1A5B-4EF5-9033-815073AB358A}.Debug|iPhone.Deploy.0 = Debug|iPhone
		{E9685557-1A5B-4EF5-9033-815073AB358A}.Debug|iPhoneSimulator.ActiveCfg = Debug|iPhoneSimulator
		{E9685557-1A5B-4EF5-9033-815073AB358A}.Debug|iPhoneSimulator.Build.0 = Debug|iPhoneSimulator
		{E9685557-1A5B-4EF5-9033-815073AB358A}.Debug|iPhoneSimulator.Deploy.0 = Debug|iPhoneSimulator
		{E9685557-1A5B-4EF5-9033-815073AB358A}.Debug|x64.ActiveCfg = Debug|iPhone
		{E9685557-1A5B-4EF5-9033-815073AB358A}.Debug|x64.Build.0 = Debug|iPhone
		{E9685557-1A5B-4EF5-9033-815073AB358A}.Debug|x64.Deploy.0 = Debug|iPhone
		{E9685557-1A5B-4EF5-9033-815073AB358A}.Debug|x86.ActiveCfg = Debug|iPhone
		{E9685557-1A5B-4EF5-9033-815073AB358A}.Debug|x86.Build.0 = Debug|iPhone
		{E9685557-1A5B-4EF5-9033-815073AB358A}.Debug|x86.Deploy.0 = Debug|iPhone
		{E9685557-1A5B-4EF5-9033-815073AB358A}.Release|Any CPU.ActiveCfg = Release|iPhone
		{E9685557-1A5B-4EF5-9033-815073AB358A}.Release|Any CPU.Build.0 = Release|iPhone
		{E9685557-1A5B-4EF5-9033-815073AB358A}.Release|Any CPU.Deploy.0 = Release|iPhone
		{E9685557-1A5B-4EF5-9033-815073AB358A}.Release|ARM.ActiveCfg = Release|iPhone
		{E9685557-1A5B-4EF5-9033-815073AB358A}.Release|ARM.Build.0 = Release|iPhone
		{E9685557-1A5B-4EF5-9033-815073AB358A}.Release|ARM.Deploy.0 = Release|iPhone
		{E9685557-1A5B-4EF5-9033-815073AB358A}.Release|iPhone.ActiveCfg = Release|iPhone
		{E9685557-1A5B-4EF5-9033-815073AB358A}.Release|iPhone.Build.0 = Release|iPhone
		{E9685557-1A5B-4EF5-9033-815073AB358A}.Release|iPhone.Deploy.0 = Release|iPhone
		{E9685557-1A5B-4EF5-9033-815073AB358A}.Release|iPhoneSimulator.ActiveCfg = Release|iPhoneSimulator
		{E9685557-1A5B-4EF5-9033-815073AB358A}.Release|iPhoneSimulator.Build.0 = Release|iPhoneSimulator
		{E9685557-1A5B-4EF5-9033-815073AB358A}.Release|iPhoneSimulator.Deploy.0 = Release|iPhoneSimulator
		{E9685557-1A5B-4EF5-9033-815073AB358A}.Release|x64.ActiveCfg = Release|iPhone
		{E9685557-1A5B-4EF5-9033-815073AB358A}.Release|x64.Build.0 = Release|iPhone
		{E9685557-1A5B-4EF5-9033-815073AB358A}.Release|x64.Deploy.0 = Release|iPhone
		{E9685557-1A5B-4EF5-9033-815073AB358A}.Release|x86.ActiveCfg = Release|iPhone
		{E9685557-1A5B-4EF5-9033-815073AB358A}.Release|x86.Build.0 = Release|iPhone
		{E9685557-1A5B-4EF5-9033-815073AB358A}.Release|x86.Deploy.0 = Release|iPhone
		{62E2447E-B638-4250-B35E-AFE24D9866FD}.Debug|Any CPU.ActiveCfg = Debug|Any CPU
		{62E2447E-B638-4250-B35E-AFE24D9866FD}.Debug|Any CPU.Build.0 = Debug|Any CPU
		{62E2447E-B638-4250-B35E-AFE24D9866FD}.Debug|Any CPU.Deploy.0 = Debug|Any CPU
		{62E2447E-B638-4250-B35E-AFE24D9866FD}.Debug|ARM.ActiveCfg = Debug|Any CPU
		{62E2447E-B638-4250-B35E-AFE24D9866FD}.Debug|ARM.Build.0 = Debug|Any CPU
		{62E2447E-B638-4250-B35E-AFE24D9866FD}.Debug|ARM.Deploy.0 = Debug|Any CPU
		{62E2447E-B638-4250-B35E-AFE24D9866FD}.Debug|iPhone.ActiveCfg = Debug|Any CPU
		{62E2447E-B638-4250-B35E-AFE24D9866FD}.Debug|iPhone.Build.0 = Debug|Any CPU
		{62E2447E-B638-4250-B35E-AFE24D9866FD}.Debug|iPhone.Deploy.0 = Debug|Any CPU
		{62E2447E-B638-4250-B35E-AFE24D9866FD}.Debug|iPhoneSimulator.ActiveCfg = Debug|Any CPU
		{62E2447E-B638-4250-B35E-AFE24D9866FD}.Debug|iPhoneSimulator.Build.0 = Debug|Any CPU
		{62E2447E-B638-4250-B35E-AFE24D9866FD}.Debug|iPhoneSimulator.Deploy.0 = Debug|Any CPU
		{62E2447E-B638-4250-B35E-AFE24D9866FD}.Debug|x64.ActiveCfg = Debug|Any CPU
		{62E2447E-B638-4250-B35E-AFE24D9866FD}.Debug|x64.Build.0 = Debug|Any CPU
		{62E2447E-B638-4250-B35E-AFE24D9866FD}.Debug|x64.Deploy.0 = Debug|Any CPU
		{62E2447E-B638-4250-B35E-AFE24D9866FD}.Debug|x86.ActiveCfg = Debug|Any CPU
		{62E2447E-B638-4250-B35E-AFE24D9866FD}.Debug|x86.Build.0 = Debug|Any CPU
		{62E2447E-B638-4250-B35E-AFE24D9866FD}.Debug|x86.Deploy.0 = Debug|Any CPU
		{62E2447E-B638-4250-B35E-AFE24D9866FD}.Release|Any CPU.ActiveCfg = Release|Any CPU
		{62E2447E-B638-4250-B35E-AFE24D9866FD}.Release|Any CPU.Build.0 = Release|Any CPU
		{62E2447E-B638-4250-B35E-AFE24D9866FD}.Release|Any CPU.Deploy.0 = Release|Any CPU
		{62E2447E-B638-4250-B35E-AFE24D9866FD}.Release|ARM.ActiveCfg = Release|Any CPU
		{62E2447E-B638-4250-B35E-AFE24D9866FD}.Release|ARM.Build.0 = Release|Any CPU
		{62E2447E-B638-4250-B35E-AFE24D9866FD}.Release|ARM.Deploy.0 = Release|Any CPU
		{62E2447E-B638-4250-B35E-AFE24D9866FD}.Release|iPhone.ActiveCfg = Release|Any CPU
		{62E2447E-B638-4250-B35E-AFE24D9866FD}.Release|iPhone.Build.0 = Release|Any CPU
		{62E2447E-B638-4250-B35E-AFE24D9866FD}.Release|iPhone.Deploy.0 = Release|Any CPU
		{62E2447E-B638-4250-B35E-AFE24D9866FD}.Release|iPhoneSimulator.ActiveCfg = Release|Any CPU
		{62E2447E-B638-4250-B35E-AFE24D9866FD}.Release|iPhoneSimulator.Build.0 = Release|Any CPU
		{62E2447E-B638-4250-B35E-AFE24D9866FD}.Release|iPhoneSimulator.Deploy.0 = Release|Any CPU
		{62E2447E-B638-4250-B35E-AFE24D9866FD}.Release|x64.ActiveCfg = Release|Any CPU
		{62E2447E-B638-4250-B35E-AFE24D9866FD}.Release|x64.Build.0 = Release|Any CPU
		{62E2447E-B638-4250-B35E-AFE24D9866FD}.Release|x64.Deploy.0 = Release|Any CPU
		{62E2447E-B638-4250-B35E-AFE24D9866FD}.Release|x86.ActiveCfg = Release|Any CPU
		{62E2447E-B638-4250-B35E-AFE24D9866FD}.Release|x86.Build.0 = Release|Any CPU
		{62E2447E-B638-4250-B35E-AFE24D9866FD}.Release|x86.Deploy.0 = Release|Any CPU
		{091B5074-699E-44FE-94D3-314DE8FD9EDC}.Debug|Any CPU.ActiveCfg = Debug|Any CPU
		{091B5074-699E-44FE-94D3-314DE8FD9EDC}.Debug|Any CPU.Build.0 = Debug|Any CPU
		{091B5074-699E-44FE-94D3-314DE8FD9EDC}.Debug|Any CPU.Deploy.0 = Debug|Any CPU
		{091B5074-699E-44FE-94D3-314DE8FD9EDC}.Debug|ARM.ActiveCfg = Debug|Any CPU
		{091B5074-699E-44FE-94D3-314DE8FD9EDC}.Debug|ARM.Build.0 = Debug|Any CPU
		{091B5074-699E-44FE-94D3-314DE8FD9EDC}.Debug|ARM.Deploy.0 = Debug|Any CPU
		{091B5074-699E-44FE-94D3-314DE8FD9EDC}.Debug|iPhone.ActiveCfg = Debug|Any CPU
		{091B5074-699E-44FE-94D3-314DE8FD9EDC}.Debug|iPhone.Build.0 = Debug|Any CPU
		{091B5074-699E-44FE-94D3-314DE8FD9EDC}.Debug|iPhone.Deploy.0 = Debug|Any CPU
		{091B5074-699E-44FE-94D3-314DE8FD9EDC}.Debug|iPhoneSimulator.ActiveCfg = Debug|Any CPU
		{091B5074-699E-44FE-94D3-314DE8FD9EDC}.Debug|iPhoneSimulator.Build.0 = Debug|Any CPU
		{091B5074-699E-44FE-94D3-314DE8FD9EDC}.Debug|iPhoneSimulator.Deploy.0 = Debug|Any CPU
		{091B5074-699E-44FE-94D3-314DE8FD9EDC}.Debug|x64.ActiveCfg = Debug|Any CPU
		{091B5074-699E-44FE-94D3-314DE8FD9EDC}.Debug|x64.Build.0 = Debug|Any CPU
		{091B5074-699E-44FE-94D3-314DE8FD9EDC}.Debug|x64.Deploy.0 = Debug|Any CPU
		{091B5074-699E-44FE-94D3-314DE8FD9EDC}.Debug|x86.ActiveCfg = Debug|Any CPU
		{091B5074-699E-44FE-94D3-314DE8FD9EDC}.Debug|x86.Build.0 = Debug|Any CPU
		{091B5074-699E-44FE-94D3-314DE8FD9EDC}.Debug|x86.Deploy.0 = Debug|Any CPU
		{091B5074-699E-44FE-94D3-314DE8FD9EDC}.Release|Any CPU.ActiveCfg = Release|Any CPU
		{091B5074-699E-44FE-94D3-314DE8FD9EDC}.Release|Any CPU.Build.0 = Release|Any CPU
		{091B5074-699E-44FE-94D3-314DE8FD9EDC}.Release|Any CPU.Deploy.0 = Release|Any CPU
		{091B5074-699E-44FE-94D3-314DE8FD9EDC}.Release|ARM.ActiveCfg = Release|Any CPU
		{091B5074-699E-44FE-94D3-314DE8FD9EDC}.Release|ARM.Build.0 = Release|Any CPU
		{091B5074-699E-44FE-94D3-314DE8FD9EDC}.Release|ARM.Deploy.0 = Release|Any CPU
		{091B5074-699E-44FE-94D3-314DE8FD9EDC}.Release|iPhone.ActiveCfg = Release|Any CPU
		{091B5074-699E-44FE-94D3-314DE8FD9EDC}.Release|iPhone.Build.0 = Release|Any CPU
		{091B5074-699E-44FE-94D3-314DE8FD9EDC}.Release|iPhone.Deploy.0 = Release|Any CPU
		{091B5074-699E-44FE-94D3-314DE8FD9EDC}.Release|iPhoneSimulator.ActiveCfg = Release|Any CPU
		{091B5074-699E-44FE-94D3-314DE8FD9EDC}.Release|iPhoneSimulator.Build.0 = Release|Any CPU
		{091B5074-699E-44FE-94D3-314DE8FD9EDC}.Release|iPhoneSimulator.Deploy.0 = Release|Any CPU
		{091B5074-699E-44FE-94D3-314DE8FD9EDC}.Release|x64.ActiveCfg = Release|Any CPU
		{091B5074-699E-44FE-94D3-314DE8FD9EDC}.Release|x64.Build.0 = Release|Any CPU
		{091B5074-699E-44FE-94D3-314DE8FD9EDC}.Release|x64.Deploy.0 = Release|Any CPU
		{091B5074-699E-44FE-94D3-314DE8FD9EDC}.Release|x86.ActiveCfg = Release|Any CPU
		{091B5074-699E-44FE-94D3-314DE8FD9EDC}.Release|x86.Build.0 = Release|Any CPU
		{091B5074-699E-44FE-94D3-314DE8FD9EDC}.Release|x86.Deploy.0 = Release|Any CPU
	EndGlobalSection
	GlobalSection(SolutionProperties) = preSolution
		HideSolutionNode = FALSE
	EndGlobalSection
	GlobalSection(ExtensibilityGlobals) = postSolution
		SolutionGuid = {9E8F6D9B-C38A-4BEB-99C5-9D095192D389}
	EndGlobalSection
EndGlobal
